# This file is automatically @generated by Cargo.
# It is not intended for manual editing.
version = 4

[[package]]
name = "cc"
version = "1.2.20"
source = "registry+https://github.com/rust-lang/crates.io-index"
checksum = "04da6a0d40b948dfc4fa8f5bbf402b0fc1a64a28dbf7d12ffd683550f2c1b63a"
dependencies = [
 "shlex",
]

[[package]]
name = "crossbeam"
version = "0.8.4"
source = "registry+https://github.com/rust-lang/crates.io-index"
checksum = "1137cd7e7fc0fb5d3c5a8678be38ec56e819125d8d7907411fe24ccb943faca8"
dependencies = [
 "crossbeam-channel",
 "crossbeam-deque",
 "crossbeam-epoch",
 "crossbeam-queue",
 "crossbeam-utils",
]

[[package]]
name = "crossbeam-channel"
version = "0.5.15"
source = "registry+https://github.com/rust-lang/crates.io-index"
checksum = "82b8f8f868b36967f9606790d1903570de9ceaf870a7bf9fbbd3016d636a2cb2"
dependencies = [
 "crossbeam-utils",
]

[[package]]
name = "crossbeam-deque"
version = "0.8.6"
source = "registry+https://github.com/rust-lang/crates.io-index"
checksum = "9dd111b7b7f7d55b72c0a6ae361660ee5853c9af73f70c3c2ef6858b950e2e51"
dependencies = [
 "crossbeam-epoch",
 "crossbeam-utils",
]

[[package]]
name = "crossbeam-epoch"
version = "0.9.18"
source = "registry+https://github.com/rust-lang/crates.io-index"
checksum = "5b82ac4a3c2ca9c3460964f020e1402edd5753411d7737aa39c3714ad1b5420e"
dependencies = [
 "crossbeam-utils",
]

[[package]]
name = "crossbeam-queue"
version = "0.3.12"
source = "registry+https://github.com/rust-lang/crates.io-index"
checksum = "0f58bbc28f91df819d0aa2a2c00cd19754769c2fad90579b3592b1c9ba7a3115"
dependencies = [
 "crossbeam-utils",
]

[[package]]
name = "crossbeam-utils"
version = "0.8.21"
source = "registry+https://github.com/rust-lang/crates.io-index"
checksum = "d0a5c400df2834b80a4c3327b3aad3a4c4cd4de0629063962b03235697506a28"

[[package]]
name = "lazy_static"
version = "1.5.0"
source = "registry+https://github.com/rust-lang/crates.io-index"
checksum = "bbd2bcb4c963f2ddae06a2efc7e9f3591312473c50c6685e1f298068316e66fe"

[[package]]
name = "libc"
version = "0.2.172"
source = "registry+https://github.com/rust-lang/crates.io-index"
checksum = "d750af042f7ef4f724306de029d18836c26c1765a54a6a3f094cbd23a7267ffa"

[[package]]
name = "once_cell"
version = "1.21.3"
source = "registry+https://github.com/rust-lang/crates.io-index"
checksum = "42f5e15c9953c5e4ccceeb2e7382a716482c34515315f7b03532b8b4e8393d2d"

[[package]]
name = "parfum"
version = "0.1.0"
dependencies = [
 "cc",
 "crossbeam",
 "lazy_static",
 "libc",
 "once_cell",
]

[[package]]
name = "parfum-example"
version = "0.1.0"
dependencies = [
 "parfum",
]

[[package]]
name = "shlex"
version = "1.3.0"
source = "registry+https://github.com/rust-lang/crates.io-index"
checksum = "0fda2ff0d084019ba4d7c6f371c95d8fd75ce3524c3cb8fb653a3023f6323e64"
